// !$*UTF8*$!
{
	archiveVersion = 1;
	classes = {
	};
	objectVersion = 55;
	objects = {

/* Begin PBXBuildFile section */
		7F31F5A02752B1D600F94643 /* App_EvFApp.swift in Sources */ = {isa = PBXBuildFile; fileRef = 7F31F59F2752B1D600F94643 /* App_EvFApp.swift */; };
		7F31F5A22752B1D600F94643 /* ContentView.swift in Sources */ = {isa = PBXBuildFile; fileRef = 7F31F5A12752B1D600F94643 /* ContentView.swift */; };
		7F31F5A42752B1D800F94643 /* Assets.xcassets in Resources */ = {isa = PBXBuildFile; fileRef = 7F31F5A32752B1D800F94643 /* Assets.xcassets */; };
		7F31F5A72752B1D800F94643 /* Preview Assets.xcassets in Resources */ = {isa = PBXBuildFile; fileRef = 7F31F5A62752B1D800F94643 /* Preview Assets.xcassets */; };
		7F31F5B12752B1D800F94643 /* App_EvFTests.swift in Sources */ = {isa = PBXBuildFile; fileRef = 7F31F5B02752B1D800F94643 /* App_EvFTests.swift */; };
		7F31F5BB2752B1D800F94643 /* App_EvFUITests.swift in Sources */ = {isa = PBXBuildFile; fileRef = 7F31F5BA2752B1D800F94643 /* App_EvFUITests.swift */; };
		7F31F5BD2752B1D800F94643 /* App_EvFUITestsLaunchTests.swift in Sources */ = {isa = PBXBuildFile; fileRef = 7F31F5BC2752B1D800F94643 /* App_EvFUITestsLaunchTests.swift */; };
		7F8086182755C53C00C06E86 /* WheatherButton.swift in Sources */ = {isa = PBXBuildFile; fileRef = 7F8086172755C53C00C06E86 /* WheatherButton.swift */; };
		7FE49A0F275876590074EE8B /* Weather.swift in Sources */ = {isa = PBXBuildFile; fileRef = 7FE49A0E275876590074EE8B /* Weather.swift */; };
		7FE49A1127587D960074EE8B /* WeatherService.swift in Sources */ = {isa = PBXBuildFile; fileRef = 7FE49A1027587D960074EE8B /* WeatherService.swift */; };
		7FE49A13275880970074EE8B /* WeatherViewModel.swift in Sources */ = {isa = PBXBuildFile; fileRef = 7FE49A12275880970074EE8B /* WeatherViewModel.swift */; };
/* End PBXBuildFile section */

/* Begin PBXContainerItemProxy section */
		7F31F5AD2752B1D800F94643 /* PBXContainerItemProxy */ = {
			isa = PBXContainerItemProxy;
			containerPortal = 7F31F5942752B1D600F94643 /* Project object */;
			proxyType = 1;
			remoteGlobalIDString = 7F31F59B2752B1D600F94643;
			remoteInfo = "App-EvF";
		};
		7F31F5B72752B1D800F94643 /* PBXContainerItemProxy */ = {
			isa = PBXContainerItemProxy;
			containerPortal = 7F31F5942752B1D600F94643 /* Project object */;
			proxyType = 1;
			remoteGlobalIDString = 7F31F59B2752B1D600F94643;
			remoteInfo = "App-EvF";
		};
/* End PBXContainerItemProxy section */

/* Begin PBXFileReference section */
		7F31F59C2752B1D600F94643 /* App-EvF.app */ = {isa = PBXFileReference; explicitFileType = wrapper.application; includeInIndex = 0; path = "App-EvF.app"; sourceTree = BUILT_PRODUCTS_DIR; };
		7F31F59F2752B1D600F94643 /* App_EvFApp.swift */ = {isa = PBXFileReference; lastKnownFileType = sourcecode.swift; path = App_EvFApp.swift; sourceTree = "<group>"; };
		7F31F5A12752B1D600F94643 /* ContentView.swift */ = {isa = PBXFileReference; lastKnownFileType = sourcecode.swift; path = ContentView.swift; sourceTree = "<group>"; };
		7F31F5A32752B1D800F94643 /* Assets.xcassets */ = {isa = PBXFileReference; lastKnownFileType = folder.assetcatalog; path = Assets.xcassets; sourceTree = "<group>"; };
		7F31F5A62752B1D800F94643 /* Preview Assets.xcassets */ = {isa = PBXFileReference; lastKnownFileType = folder.assetcatalog; path = "Preview Assets.xcassets"; sourceTree = "<group>"; };
		7F31F5AC2752B1D800F94643 /* App-EvFTests.xctest */ = {isa = PBXFileReference; explicitFileType = wrapper.cfbundle; includeInIndex = 0; path = "App-EvFTests.xctest"; sourceTree = BUILT_PRODUCTS_DIR; };
		7F31F5B02752B1D800F94643 /* App_EvFTests.swift */ = {isa = PBXFileReference; lastKnownFileType = sourcecode.swift; path = App_EvFTests.swift; sourceTree = "<group>"; };
		7F31F5B62752B1D800F94643 /* App-EvFUITests.xctest */ = {isa = PBXFileReference; explicitFileType = wrapper.cfbundle; includeInIndex = 0; path = "App-EvFUITests.xctest"; sourceTree = BUILT_PRODUCTS_DIR; };
		7F31F5BA2752B1D800F94643 /* App_EvFUITests.swift */ = {isa = PBXFileReference; lastKnownFileType = sourcecode.swift; path = App_EvFUITests.swift; sourceTree = "<group>"; };
		7F31F5BC2752B1D800F94643 /* App_EvFUITestsLaunchTests.swift */ = {isa = PBXFileReference; lastKnownFileType = sourcecode.swift; path = App_EvFUITestsLaunchTests.swift; sourceTree = "<group>"; };
		7F8086172755C53C00C06E86 /* WheatherButton.swift */ = {isa = PBXFileReference; lastKnownFileType = sourcecode.swift; path = WheatherButton.swift; sourceTree = "<group>"; };
		7FE49A0E275876590074EE8B /* Weather.swift */ = {isa = PBXFileReference; lastKnownFileType = sourcecode.swift; path = Weather.swift; sourceTree = "<group>"; };
		7FE49A1027587D960074EE8B /* WeatherService.swift */ = {isa = PBXFileReference; lastKnownFileType = sourcecode.swift; path = WeatherService.swift; sourceTree = "<group>"; };
		7FE49A12275880970074EE8B /* WeatherViewModel.swift */ = {isa = PBXFileReference; lastKnownFileType = sourcecode.swift; path = WeatherViewModel.swift; sourceTree = "<group>"; };
/* End PBXFileReference section */

/* Begin PBXFrameworksBuildPhase section */
		7F31F5992752B1D600F94643 /* Frameworks */ = {
			isa = PBXFrameworksBuildPhase;
			buildActionMask = 2147483647;
			files = (
			);
			runOnlyForDeploymentPostprocessing = 0;
		};
		7F31F5A92752B1D800F94643 /* Frameworks */ = {
			isa = PBXFrameworksBuildPhase;
			buildActionMask = 2147483647;
			files = (
			);
			runOnlyForDeploymentPostprocessing = 0;
		};
		7F31F5B32752B1D800F94643 /* Frameworks */ = {
			isa = PBXFrameworksBuildPhase;
			buildActionMask = 2147483647;
			files = (
			);
			runOnlyForDeploymentPostprocessing = 0;
		};
/* End PBXFrameworksBuildPhase section */

/* Begin PBXGroup section */
		7F31F5932752B1D600F94643 = {
			isa = PBXGroup;
			children = (
				7F31F59E2752B1D600F94643 /* App-EvF */,
				7F31F5AF2752B1D800F94643 /* App-EvFTests */,
				7F31F5B92752B1D800F94643 /* App-EvFUITests */,
				7F31F59D2752B1D600F94643 /* Products */,
			);
			sourceTree = "<group>";
		};
		7F31F59D2752B1D600F94643 /* Products */ = {
			isa = PBXGroup;
			children = (
				7F31F59C2752B1D600F94643 /* App-EvF.app */,
				7F31F5AC2752B1D800F94643 /* App-EvFTests.xctest */,
				7F31F5B62752B1D800F94643 /* App-EvFUITests.xctest */,
			);
			name = Products;
			sourceTree = "<group>";
		};
		7F31F59E2752B1D600F94643 /* App-EvF */ = {
			isa = PBXGroup;
			children = (
				7F31F59F2752B1D600F94643 /* App_EvFApp.swift */,
				7F31F5A12752B1D600F94643 /* ContentView.swift */,
				7FE49A12275880970074EE8B /* WeatherViewModel.swift */,
				7FE49A1027587D960074EE8B /* WeatherService.swift */,
				7FE49A0E275876590074EE8B /* Weather.swift */,
				7F8086172755C53C00C06E86 /* WheatherButton.swift */,
				7F31F5A32752B1D800F94643 /* Assets.xcassets */,
				7F31F5A52752B1D800F94643 /* Preview Content */,
			);
			path = "App-EvF";
			sourceTree = "<group>";
		};
		7F31F5A52752B1D800F94643 /* Preview Content */ = {
			isa = PBXGroup;
			children = (
				7F31F5A62752B1D800F94643 /* Preview Assets.xcassets */,
			);
			path = "Preview Content";
			sourceTree = "<group>";
		};
		7F31F5AF2752B1D800F94643 /* App-EvFTests */ = {
			isa = PBXGroup;
			children = (
				7F31F5B02752B1D800F94643 /* App_EvFTests.swift */,
			);
			path = "App-EvFTests";
			sourceTree = "<group>";
		};
		7F31F5B92752B1D800F94643 /* App-EvFUITests */ = {
			isa = PBXGroup;
			children = (
				7F31F5BA2752B1D800F94643 /* App_EvFUITests.swift */,
				7F31F5BC2752B1D800F94643 /* App_EvFUITestsLaunchTests.swift */,
			);
			path = "App-EvFUITests";
			sourceTree = "<group>";
		};
/* End PBXGroup section */

/* Begin PBXNativeTarget section */
		7F31F59B2752B1D600F94643 /* App-EvF */ = {
			isa = PBXNativeTarget;
			buildConfigurationList = 7F31F5C02752B1D800F94643 /* Build configuration list for PBXNativeTarget "App-EvF" */;
			buildPhases = (
				7F31F5982752B1D600F94643 /* Sources */,
				7F31F5992752B1D600F94643 /* Frameworks */,
				7F31F59A2752B1D600F94643 /* Resources */,
			);
			buildRules = (
			);
			dependencies = (
			);
			name = "App-EvF";
			productName = "App-EvF";
			productReference = 7F31F59C2752B1D600F94643 /* App-EvF.app */;
			productType = "com.apple.product-type.application";
		};
		7F31F5AB2752B1D800F94643 /* App-EvFTests */ = {
			isa = PBXNativeTarget;
			buildConfigurationList = 7F31F5C32752B1D800F94643 /* Build configuration list for PBXNativeTarget "App-EvFTests" */;
			buildPhases = (
				7F31F5A82752B1D800F94643 /* Sources */,
				7F31F5A92752B1D800F94643 /* Frameworks */,
				7F31F5AA2752B1D800F94643 /* Resources */,
			);
			buildRules = (
			);
			dependencies = (
				7F31F5AE2752B1D800F94643 /* PBXTargetDependency */,
			);
			name = "App-EvFTests";
			productName = "App-EvFTests";
			productReference = 7F31F5AC2752B1D800F94643 /* App-EvFTests.xctest */;
			productType = "com.apple.product-type.bundle.unit-test";
		};
		7F31F5B52752B1D800F94643 /* App-EvFUITests */ = {
			isa = PBXNativeTarget;
			buildConfigurationList = 7F31F5C62752B1D800F94643 /* Build configuration list for PBXNativeTarget "App-EvFUITests" */;
			buildPhases = (
				7F31F5B22752B1D800F94643 /* Sources */,
				7F31F5B32752B1D800F94643 /* Frameworks */,
				7F31F5B42752B1D800F94643 /* Resources */,
			);
			buildRules = (
			);
			dependencies = (
				7F31F5B82752B1D800F94643 /* PBXTargetDependency */,
			);
			name = "App-EvFUITests";
			productName = "App-EvFUITests";
			productReference = 7F31F5B62752B1D800F94643 /* App-EvFUITests.xctest */;
			productType = "com.apple.product-type.bundle.ui-testing";
		};
/* End PBXNativeTarget section */

/* Begin PBXProject section */
		7F31F5942752B1D600F94643 /* Project object */ = {
			isa = PBXProject;
			attributes = {
				BuildIndependentTargetsInParallel = 1;
				LastSwiftUpdateCheck = 1310;
				LastUpgradeCheck = 1310;
				TargetAttributes = {
					7F31F59B2752B1D600F94643 = {
						CreatedOnToolsVersion = 13.1;
					};
					7F31F5AB2752B1D800F94643 = {
						CreatedOnToolsVersion = 13.1;
						TestTargetID = 7F31F59B2752B1D600F94643;
					};
					7F31F5B52752B1D800F94643 = {
						CreatedOnToolsVersion = 13.1;
						TestTargetID = 7F31F59B2752B1D600F94643;
					};
				};
			};
			buildConfigurationList = 7F31F5972752B1D600F94643 /* Build configuration list for PBXProject "App-EvF" */;
			compatibilityVersion = "Xcode 13.0";
			developmentRegion = en;
			hasScannedForEncodings = 0;
			knownRegions = (
				en,
				Base,
			);
			mainGroup = 7F31F5932752B1D600F94643;
			productRefGroup = 7F31F59D2752B1D600F94643 /* Products */;
			projectDirPath = "";
			projectRoot = "";
			targets = (
				7F31F59B2752B1D600F94643 /* App-EvF */,
				7F31F5AB2752B1D800F94643 /* App-EvFTests */,
				7F31F5B52752B1D800F94643 /* App-EvFUITests */,
			);
		};
/* End PBXProject section */

/* Begin PBXResourcesBuildPhase section */
		7F31F59A2752B1D600F94643 /* Resources */ = {
			isa = PBXResourcesBuildPhase;
			buildActionMask = 2147483647;
			files = (
				7F31F5A72752B1D800F94643 /* Preview Assets.xcassets in Resources */,
				7F31F5A42752B1D800F94643 /* Assets.xcassets in Resources */,
			);
			runOnlyForDeploymentPostprocessing = 0;
		};
		7F31F5AA2752B1D800F94643 /* Resources */ = {
			isa = PBXResourcesBuildPhase;
			buildActionMask = 2147483647;
			files = (
			);
			runOnlyForDeploymentPostprocessing = 0;
		};
		7F31F5B42752B1D800F94643 /* Resources */ = {
			isa = PBXResourcesBuildPhase;
			buildActionMask = 2147483647;
			files = (
			);
			runOnlyForDeploymentPostprocessing = 0;
		};
/* End PBXResourcesBuildPhase section */

/* Begin PBXSourcesBuildPhase section */
		7F31F5982752B1D600F94643 /* Sources */ = {
			isa = PBXSourcesBuildPhase;
			buildActionMask = 2147483647;
			files = (
				7FE49A1127587D960074EE8B /* WeatherService.swift in Sources */,
				7FE49A13275880970074EE8B /* WeatherViewModel.swift in Sources */,
				7F8086182755C53C00C06E86 /* WheatherButton.swift in Sources */,
				7F31F5A22752B1D600F94643 /* ContentView.swift in Sources */,
				7F31F5A02752B1D600F94643 /* App_EvFApp.swift in Sources */,
				7FE49A0F275876590074EE8B /* Weather.swift in Sources */,
			);
			runOnlyForDeploymentPostprocessing = 0;
		};
		7F31F5A82752B1D800F94643 /* Sources */ = {
			isa = PBXSourcesBuildPhase;
			buildActionMask = 2147483647;
			files = (
				7F31F5B12752B1D800F94643 /* App_EvFTests.swift in Sources */,
			);
			runOnlyForDeploymentPostprocessing = 0;
		};
		7F31F5B22752B1D800F94643 /* Sources */ = {
			isa = PBXSourcesBuildPhase;
			buildActionMask = 2147483647;
			files = (
				7F31F5BD2752B1D800F94643 /* App_EvFUITestsLaunchTests.swift in Sources */,
				7F31F5BB2752B1D800F94643 /* App_EvFUITests.swift in Sources */,
			);
			runOnlyForDeploymentPostprocessing = 0;
		};
/* End PBXSourcesBuildPhase section */

/* Begin PBXTargetDependency section */
		7F31F5AE2752B1D800F94643 /* PBXTargetDependency */ = {
			isa = PBXTargetDependency;
			target = 7F31F59B2752B1D600F94643 /* App-EvF */;
			targetProxy = 7F31F5AD2752B1D800F94643 /* PBXContainerItemProxy */;
		};
		7F31F5B82752B1D800F94643 /* PBXTargetDependency */ = {
			isa = PBXTargetDependency;
			target = 7F31F59B2752B1D600F94643 /* App-EvF */;
			targetProxy = 7F31F5B72752B1D800F94643 /* PBXContainerItemProxy */;
		};
/* End PBXTargetDependency section */

/* Begin XCBuildConfiguration section */
		7F31F5BE2752B1D800F94643 /* Debug */ = {
			isa = XCBuildConfiguration;
			buildSettings = {
				ALWAYS_SEARCH_USER_PATHS = NO;
				CLANG_ANALYZER_NONNULL = YES;
				CLANG_ANALYZER_NUMBER_OBJECT_CONVERSION = YES_AGGRESSIVE;
				CLANG_CXX_LANGUAGE_STANDARD = "gnu++17";
				CLANG_CXX_LIBRARY = "libc++";
				CLANG_ENABLE_MODULES = YES;
				CLANG_ENABLE_OBJC_ARC = YES;
				CLANG_ENABLE_OBJC_WEAK = YES;
				CLANG_WARN_BLOCK_CAPTURE_AUTORELEASING = YES;
				CLANG_WARN_BOOL_CONVERSION = YES;
				CLANG_WARN_COMMA = YES;
				CLANG_WARN_CONSTANT_CONVERSION = YES;
				CLANG_WARN_DEPRECATED_OBJC_IMPLEMENTATIONS = YES;
				CLANG_WARN_DIRECT_OBJC_ISA_USAGE = YES_ERROR;
				CLANG_WARN_DOCUMENTATION_COMMENTS = YES;
				CLANG_WARN_EMPTY_BODY = YES;
				CLANG_WARN_ENUM_CONVERSION = YES;
				CLANG_WARN_INFINITE_RECURSION = YES;
				CLANG_WARN_INT_CONVERSION = YES;
				CLANG_WARN_NON_LITERAL_NULL_CONVERSION = YES;
				CLANG_WARN_OBJC_IMPLICIT_RETAIN_SELF = YES;
				CLANG_WARN_OBJC_LITERAL_CONVERSION = YES;
				CLANG_WARN_OBJC_ROOT_CLASS = YES_ERROR;
				CLANG_WARN_QUOTED_INCLUDE_IN_FRAMEWORK_HEADER = YES;
				CLANG_WARN_RANGE_LOOP_ANALYSIS = YES;
				CLANG_WARN_STRICT_PROTOTYPES = YES;
				CLANG_WARN_SUSPICIOUS_MOVE = YES;
				CLANG_WARN_UNGUARDED_AVAILABILITY = YES_AGGRESSIVE;
				CLANG_WARN_UNREACHABLE_CODE = YES;
				CLANG_WARN__DUPLICATE_METHOD_MATCH = YES;
				COPY_PHASE_STRIP = NO;
				DEBUG_INFORMATION_FORMAT = dwarf;
				ENABLE_STRICT_OBJC_MSGSEND = YES;
				ENABLE_TESTABILITY = YES;
				GCC_C_LANGUAGE_STANDARD = gnu11;
				GCC_DYNAMIC_NO_PIC = NO;
				GCC_NO_COMMON_BLOCKS = YES;
				GCC_OPTIMIZATION_LEVEL = 0;
				GCC_PREPROCESSOR_DEFINITIONS = (
					"DEBUG=1",
					"$(inherited)",
				);
				GCC_WARN_64_TO_32_BIT_CONVERSION = YES;
				GCC_WARN_ABOUT_RETURN_TYPE = YES_ERROR;
				GCC_WARN_UNDECLARED_SELECTOR = YES;
				GCC_WARN_UNINITIALIZED_AUTOS = YES_AGGRESSIVE;
				GCC_WARN_UNUSED_FUNCTION = YES;
				GCC_WARN_UNUSED_VARIABLE = YES;
				IPHONEOS_DEPLOYMENT_TARGET = 15.0;
				MTL_ENABLE_DEBUG_INFO = INCLUDE_SOURCE;
				MTL_FAST_MATH = YES;
				ONLY_ACTIVE_ARCH = YES;
				SDKROOT = iphoneos;
				SWIFT_ACTIVE_COMPILATION_CONDITIONS = DEBUG;
				SWIFT_OPTIMIZATION_LEVEL = "-Onone";
			};
			name = Debug;
		};
		7F31F5BF2752B1D800F94643 /* Release */ = {
			isa = XCBuildConfiguration;
			buildSettings = {
				ALWAYS_SEARCH_USER_PATHS = NO;
				CLANG_ANALYZER_NONNULL = YES;
				CLANG_ANALYZER_NUMBER_OBJECT_CONVERSION = YES_AGGRESSIVE;
				CLANG_CXX_LANGUAGE_STANDARD = "gnu++17";
				CLANG_CXX_LIBRARY = "libc++";
				CLANG_ENABLE_MODULES = YES;
				CLANG_ENABLE_OBJC_ARC = YES;
				CLANG_ENABLE_OBJC_WEAK = YES;
				CLANG_WARN_BLOCK_CAPTURE_AUTORELEASING = YES;
				CLANG_WARN_BOOL_CONVERSION = YES;
				CLANG_WARN_COMMA = YES;
				CLANG_WARN_CONSTANT_CONVERSION = YES;
				CLANG_WARN_DEPRECATED_OBJC_IMPLEMENTATIONS = YES;
				CLANG_WARN_DIRECT_OBJC_ISA_USAGE = YES_ERROR;
				CLANG_WARN_DOCUMENTATION_COMMENTS = YES;
				CLANG_WARN_EMPTY_BODY = YES;
				CLANG_WARN_ENUM_CONVERSION = YES;
				CLANG_WARN_INFINITE_RECURSION = YES;
				CLANG_WARN_INT_CONVERSION = YES;
				CLANG_WARN_NON_LITERAL_NULL_CONVERSION = YES;
				CLANG_WARN_OBJC_IMPLICIT_RETAIN_SELF = YES;
				CLANG_WARN_OBJC_LITERAL_CONVERSION = YES;
				CLANG_WARN_OBJC_ROOT_CLASS = YES_ERROR;
				CLANG_WARN_QUOTED_INCLUDE_IN_FRAMEWORK_HEADER = YES;
				CLANG_WARN_RANGE_LOOP_ANALYSIS = YES;
				CLANG_WARN_STRICT_PROTOTYPES = YES;
				CLANG_WARN_SUSPICIOUS_MOVE = YES;
				CLANG_WARN_UNGUARDED_AVAILABILITY = YES_AGGRESSIVE;
				CLANG_WARN_UNREACHABLE_CODE = YES;
				CLANG_WARN__DUPLICATE_METHOD_MATCH = YES;
				COPY_PHASE_STRIP = NO;
				DEBUG_INFORMATION_FORMAT = "dwarf-with-dsym";
				ENABLE_NS_ASSERTIONS = NO;
				ENABLE_STRICT_OBJC_MSGSEND = YES;
				GCC_C_LANGUAGE_STANDARD = gnu11;
				GCC_NO_COMMON_BLOCKS = YES;
				GCC_WARN_64_TO_32_BIT_CONVERSION = YES;
				GCC_WARN_ABOUT_RETURN_TYPE = YES_ERROR;
				GCC_WARN_UNDECLARED_SELECTOR = YES;
				GCC_WARN_UNINITIALIZED_AUTOS = YES_AGGRESSIVE;
				GCC_WARN_UNUSED_FUNCTION = YES;
				GCC_WARN_UNUSED_VARIABLE = YES;
				IPHONEOS_DEPLOYMENT_TARGET = 15.0;
				MTL_ENABLE_DEBUG_INFO = NO;
				MTL_FAST_MATH = YES;
				SDKROOT = iphoneos;
				SWIFT_COMPILATION_MODE = wholemodule;
				SWIFT_OPTIMIZATION_LEVEL = "-O";
				VALIDATE_PRODUCT = YES;
			};
			name = Release;
		};
		7F31F5C12752B1D800F94643 /* Debug */ = {
			isa = XCBuildConfiguration;
			buildSettings = {
				ASSETCATALOG_COMPILER_APPICON_NAME = AppIcon;
				ASSETCATALOG_COMPILER_GLOBAL_ACCENT_COLOR_NAME = AccentColor;
				CODE_SIGN_STYLE = Automatic;
				CURRENT_PROJECT_VERSION = 1;
				DEVELOPMENT_ASSET_PATHS = "\"App-EvF/Preview Content\"";
				DEVELOPMENT_TEAM = 9GUJZVVQA5;
				ENABLE_PREVIEWS = YES;
				GENERATE_INFOPLIST_FILE = YES;
				INFOPLIST_KEY_UIApplicationSceneManifest_Generation = YES;
				INFOPLIST_KEY_UIApplicationSupportsIndirectInputEvents = YES;
				INFOPLIST_KEY_UILaunchScreen_Generation = YES;
				INFOPLIST_KEY_UISupportedInterfaceOrientations_iPad = "UIInterfaceOrientationPortrait UIInterfaceOrientationPortraitUpsideDown UIInterfaceOrientationLandscapeLeft UIInterfaceOrientationLandscapeRight";
				INFOPLIST_KEY_UISupportedInterfaceOrientations_iPhone = "UIInterfaceOrientationPortrait UIInterfaceOrientationLandscapeLeft UIInterfaceOrientationLandscapeRight";
				LD_RUNPATH_SEARCH_PATHS = (
					"$(inherited)",
					"@executable_path/Frameworks",
				);
				MARKETING_VERSION = 1.0;
				PRODUCT_BUNDLE_IDENTIFIER = "Tecmi.App-EvF";
				PRODUCT_NAME = "$(TARGET_NAME)";
				SWIFT_EMIT_LOC_STRINGS = YES;
				SWIFT_VERSION = 5.0;
				TARGETED_DEVICE_FAMILY = "1,2";
			};
			name = Debug;
		};
		7F31F5C22752B1D800F94643 /* Release */ = {
			isa = XCBuildConfiguration;
			buildSettings = {
				ASSETCATALOG_COMPILER_APPICON_NAME = AppIcon;
				ASSETCATALOG_COMPILER_GLOBAL_ACCENT_COLOR_NAME = AccentColor;
				CODE_SIGN_STYLE = Automatic;
				CURRENT_PROJECT_VERSION = 1;
				DEVELOPMENT_ASSET_PATHS = "\"App-EvF/Preview Content\"";
				DEVELOPMENT_TEAM = 9GUJZVVQA5;
				ENABLE_PREVIEWS = YES;
				GENERATE_INFOPLIST_FILE = YES;
				INFOPLIST_KEY_UIApplicationSceneManifest_Generation = YES;
				INFOPLIST_KEY_UIApplicationSupportsIndirectInputEvents = YES;
				INFOPLIST_KEY_UILaunchScreen_Generation = YES;
				INFOPLIST_KEY_UISupportedInterfaceOrientations_iPad = "UIInterfaceOrientationPortrait UIInterfaceOrientationPortraitUpsideDown UIInterfaceOrientationLandscapeLeft UIInterfaceOrientationLandscapeRight";
				INFOPLIST_KEY_UISupportedInterfaceOrientations_iPhone = "UIInterfaceOrientationPortrait UIInterfaceOrientationLandscapeLeft UIInterfaceOrientationLandscapeRight";
				LD_RUNPATH_SEARCH_PATHS = (
					"$(inherited)",
					"@executable_path/Frameworks",
				);
				MARKETING_VERSION = 1.0;
				PRODUCT_BUNDLE_IDENTIFIER = "Tecmi.App-EvF";
				PRODUCT_NAME = "$(TARGET_NAME)";
				SWIFT_EMIT_LOC_STRINGS = YES;
				SWIFT_VERSION = 5.0;
				TARGETED_DEVICE_FAMILY = "1,2";
			};
			name = Release;
		};
		7F31F5C42752B1D800F94643 /* Debug */ = {
			isa = XCBuildConfiguration;
			buildSettings = {
				ALWAYS_EMBED_SWIFT_STANDARD_LIBRARIES = YES;
				BUNDLE_LOADER = "$(TEST_HOST)";
				CODE_SIGN_STYLE = Automatic;
				CURRENT_PROJECT_VERSION = 1;
				DEVELOPMENT_TEAM = 9GUJZVVQA5;
				GENERATE_INFOPLIST_FILE = YES;
				IPHONEOS_DEPLOYMENT_TARGET = 15.0;
				LD_RUNPATH_SEARCH_PATHS = (
					"$(inherited)",
					"@executable_path/Frameworks",
					"@loader_path/Frameworks",
				);
				MARKETING_VERSION = 1.0;
				PRODUCT_BUNDLE_IDENTIFIER = "Tecmi.App-EvFTests";
				PRODUCT_NAME = "$(TARGET_NAME)";
				SWIFT_EMIT_LOC_STRINGS = NO;
				SWIFT_VERSION = 5.0;
				TARGETED_DEVICE_FAMILY = "1,2";
				TEST_HOST = "$(BUILT_PRODUCTS_DIR)/App-EvF.app/App-EvF";
			};
			name = Debug;
		};
		7F31F5C52752B1D800F94643 /* Release */ = {
			isa = XCBuildConfiguration;
			buildSettings = {
				ALWAYS_EMBED_SWIFT_STANDARD_LIBRARIES = YES;
				BUNDLE_LOADER = "$(TEST_HOST)";
				CODE_SIGN_STYLE = Automatic;
				CURRENT_PROJECT_VERSION = 1;
				DEVELOPMENT_TEAM = 9GUJZVVQA5;
				GENERATE_INFOPLIST_FILE = YES;
				IPHONEOS_DEPLOYMENT_TARGET = 15.0;
				LD_RUNPATH_SEARCH_PATHS = (
					"$(inherited)",
					"@executable_path/Frameworks",
					"@loader_path/Frameworks",
				);
				MARKETING_VERSION = 1.0;
				PRODUCT_BUNDLE_IDENTIFIER = "Tecmi.App-EvFTests";
				PRODUCT_NAME = "$(TARGET_NAME)";
				SWIFT_EMIT_LOC_STRINGS = NO;
				SWIFT_VERSION = 5.0;
				TARGETED_DEVICE_FAMILY = "1,2";
				TEST_HOST = "$(BUILT_PRODUCTS_DIR)/App-EvF.app/App-EvF";
			};
			name = Release;
		};
		7F31F5C72752B1D800F94643 /* Debug */ = {
			isa = XCBuildConfiguration;
			buildSettings = {
				ALWAYS_EMBED_SWIFT_STANDARD_LIBRARIES = YES;
				CODE_SIGN_STYLE = Automatic;
				CURRENT_PROJECT_VERSION = 1;
				DEVELOPMENT_TEAM = 9GUJZVVQA5;
				GENERATE_INFOPLIST_FILE = YES;
				LD_RUNPATH_SEARCH_PATHS = (
					"$(inherited)",
					"@executable_path/Frameworks",
					"@loader_path/Frameworks",
				);
				MARKETING_VERSION = 1.0;
				PRODUCT_BUNDLE_IDENTIFIER = "Tecmi.App-EvFUITests";
				PRODUCT_NAME = "$(TARGET_NAME)";
				SWIFT_EMIT_LOC_STRINGS = NO;
				SWIFT_VERSION = 5.0;
				TARGETED_DEVICE_FAMILY = "1,2";
				TEST_TARGET_NAME = "App-EvF";
			};
			name = Debug;
		};
		7F31F5C82752B1D800F94643 /* Release */ = {
			isa = XCBuildConfiguration;
			buildSettings = {
				ALWAYS_EMBED_SWIFT_STANDARD_LIBRARIES = YES;
				CODE_SIGN_STYLE = Automatic;
				CURRENT_PROJECT_VERSION = 1;
				DEVELOPMENT_TEAM = 9GUJZVVQA5;
				GENERATE_INFOPLIST_FILE = YES;
				LD_RUNPATH_SEARCH_PATHS = (
					"$(inherited)",
					"@executable_path/Frameworks",
					"@loader_path/Frameworks",
				);
				MARKETING_VERSION = 1.0;
				PRODUCT_BUNDLE_IDENTIFIER = "Tecmi.App-EvFUITests";
				PRODUCT_NAME = "$(TARGET_NAME)";
				SWIFT_EMIT_LOC_STRINGS = NO;
				SWIFT_VERSION = 5.0;
				TARGETED_DEVICE_FAMILY = "1,2";
				TEST_TARGET_NAME = "App-EvF";
			};
			name = Release;
		};
/* End XCBuildConfiguration section */

/* Begin XCConfigurationList section */
		7F31F5972752B1D600F94643 /* Build configuration list for PBXProject "App-EvF" */ = {
			isa = XCConfigurationList;
			buildConfigurations = (
				7F31F5BE2752B1D800F94643 /* Debug */,
				7F31F5BF2752B1D800F94643 /* Release */,
			);
			defaultConfigurationIsVisible = 0;
			defaultConfigurationName = Release;
		};
		7F31F5C02752B1D800F94643 /* Build configuration list for PBXNativeTarget "App-EvF" */ = {
			isa = XCConfigurationList;
			buildConfigurations = (
				7F31F5C12752B1D800F94643 /* Debug */,
				7F31F5C22752B1D800F94643 /* Release */,
			);
			defaultConfigurationIsVisible = 0;
			defaultConfigurationName = Release;
		};
		7F31F5C32752B1D800F94643 /* Build configuration list for PBXNativeTarget "App-EvFTests" */ = {
			isa = XCConfigurationList;
			buildConfigurations = (
				7F31F5C42752B1D800F94643 /* Debug */,
				7F31F5C52752B1D800F94643 /* Release */,
			);
			defaultConfigurationIsVisible = 0;
			defaultConfigurationName = Release;
		};
		7F31F5C62752B1D800F94643 /* Build configuration list for PBXNativeTarget "App-EvFUITests" */ = {
			isa = XCConfigurationList;
			buildConfigurations = (
				7F31F5C72752B1D800F94643 /* Debug */,
				7F31F5C82752B1D800F94643 /* Release */,
			);
			defaultConfigurationIsVisible = 0;
			defaultConfigurationName = Release;
		};
/* End XCConfigurationList section */
	};
	rootObject = 7F31F5942752B1D600F94643 /* Project object */;
}
